Microsoft Visual Studio Solution File, Format Version 12.00
# Visual Studio Version 17
VisualStudioVersion = 17.5.2.0
MinimumVisualStudioVersion = 10.0.40219.1
Project("{FAE04EC0-301F-11D3-BF4B-00C04F79EFBC}") = "MyGoodDiary", "MyGoodDiary.csproj", "{0E4BE514-7D48-AD49-D479-A5D5B275DC51}"
EndProject
Global
	GlobalSection(SolutionConfigurationPlatforms) = preSolution
		Debug|Any CPU = Debug|Any CPU
		Release|Any CPU = Release|Any CPU
	EndGlobalSection
	GlobalSection(ProjectConfigurationPlatforms) = postSolution
		{0E4BE514-7D48-AD49-D479-A5D5B275DC51}.Debug|Any CPU.ActiveCfg = Debug|Any CPU
		{0E4BE514-7D48-AD49-D479-A5D5B275DC51}.Debug|Any CPU.Build.0 = Debug|Any CPU
		{0E4BE514-7D48-AD49-D479-A5D5B275DC51}.Release|Any CPU.ActiveCfg = Release|Any CPU
		{0E4BE514-7D48-AD49-D479-A5D5B275DC51}.Release|Any CPU.Build.0 = Release|Any CPU
	EndGlobalSection
	GlobalSection(SolutionProperties) = preSolution
		HideSolutionNode = FALSE
	EndGlobalSection
	GlobalSection(ExtensibilityGlobals) = postSolution
		SolutionGuid = {A078A489-B117-4C08-B99A-8B6B3A3950CE}
	EndGlobalSection
EndGlobal
